
Microsoft Visual Studio Solution File, Format Version 12.00
# Visual Studio Version 17
VisualStudioVersion = 17.11.35327.3
MinimumVisualStudioVersion = 10.0.40219.1
Project("{FAE04EC0-301F-11D3-BF4B-00C04F79EFBC}") = "BigFileBrowser", "BigFileBrowser\BigFileBrowser.csproj", "{A0760EDF-9223-4566-AE6D-12425EBE18F7}"
EndProject
Project("{2150E333-8FDC-42A3-9474-1A3956D46DE8}") = "Solution Items", "Solution Items", "{F06B997B-3217-4EA0-B85A-3A35ED19A240}"
	ProjectSection(SolutionItems) = preProject
		.editorconfig = .editorconfig
	EndProjectSection
EndProject
Project("{FAE04EC0-301F-11D3-BF4B-00C04F79EFBC}") = "FileViewer", "WpfBigFileViewer\FileViewer.csproj", "{B6C2D36A-420F-4588-A4B5-0DC837747DD1}"
EndProject
Global
	GlobalSection(SolutionConfigurationPlatforms) = preSolution
		Debug|Any CPU = Debug|Any CPU
		Release|Any CPU = Release|Any CPU
	EndGlobalSection
	GlobalSection(ProjectConfigurationPlatforms) = postSolution
		{A0760EDF-9223-4566-AE6D-12425EBE18F7}.Debug|Any CPU.ActiveCfg = Debug|Any CPU
		{A0760EDF-9223-4566-AE6D-12425EBE18F7}.Debug|Any CPU.Build.0 = Debug|Any CPU
		{A0760EDF-9223-4566-AE6D-12425EBE18F7}.Release|Any CPU.ActiveCfg = Release|Any CPU
		{A0760EDF-9223-4566-AE6D-12425EBE18F7}.Release|Any CPU.Build.0 = Release|Any CPU
		{B6C2D36A-420F-4588-A4B5-0DC837747DD1}.Debug|Any CPU.ActiveCfg = Debug|Any CPU
		{B6C2D36A-420F-4588-A4B5-0DC837747DD1}.Debug|Any CPU.Build.0 = Debug|Any CPU
		{B6C2D36A-420F-4588-A4B5-0DC837747DD1}.Release|Any CPU.ActiveCfg = Release|Any CPU
		{B6C2D36A-420F-4588-A4B5-0DC837747DD1}.Release|Any CPU.Build.0 = Release|Any CPU
	EndGlobalSection
	GlobalSection(SolutionProperties) = preSolution
		HideSolutionNode = FALSE
	EndGlobalSection
	GlobalSection(ExtensibilityGlobals) = postSolution
		SolutionGuid = {8F28BAC1-4721-4D0F-9581-94894547A9D1}
	EndGlobalSection
EndGlobal
